
Microsoft Visual Studio Solution File, Format Version 12.00
# Visual Studio Version 17
VisualStudioVersion = 17.7.34221.43
MinimumVisualStudioVersion = 10.0.40219.1
Project("{2150E333-8FDC-42A3-9474-1A3956D46DE8}") = "src", "src", "{8A7A7530-28B2-410F-AA3B-C6837BE4668C}"
EndProject
Project("{2150E333-8FDC-42A3-9474-1A3956D46DE8}") = "test", "test", "{FF0C9EE8-A601-478F-BCB0-CAB9DB57C054}"
EndProject
Project("{2150E333-8FDC-42A3-9474-1A3956D46DE8}") = "UI", "UI", "{DEAB6335-80DA-43EF-979F-8480CF78804F}"
EndProject
Project("{2150E333-8FDC-42A3-9474-1A3956D46DE8}") = "API", "API", "{1F3BD0E4-600C-4214-96F2-F3732AB2614A}"
EndProject
Project("{2150E333-8FDC-42A3-9474-1A3956D46DE8}") = "Infrastructure", "Infrastructure", "{4C7AE919-2ED5-45B3-9F3C-9674387BAA00}"
EndProject
Project("{2150E333-8FDC-42A3-9474-1A3956D46DE8}") = "Core", "Core", "{467F75FC-DFB1-41D0-8092-3952EEC32598}"
EndProject
Project("{FAE04EC0-301F-11D3-BF4B-00C04F79EFBC}") = "HR.LeaveManagement.Domain", "HR.LeaveManagement.Domain\HR.LeaveManagement.Domain.csproj", "{72A24C8E-4C9A-41E6-9D29-62E010BA8D5B}"
EndProject
Global
	GlobalSection(SolutionConfigurationPlatforms) = preSolution
		Debug|Any CPU = Debug|Any CPU
		Release|Any CPU = Release|Any CPU
	EndGlobalSection
	GlobalSection(ProjectConfigurationPlatforms) = postSolution
		{72A24C8E-4C9A-41E6-9D29-62E010BA8D5B}.Debug|Any CPU.ActiveCfg = Debug|Any CPU
		{72A24C8E-4C9A-41E6-9D29-62E010BA8D5B}.Debug|Any CPU.Build.0 = Debug|Any CPU
		{72A24C8E-4C9A-41E6-9D29-62E010BA8D5B}.Release|Any CPU.ActiveCfg = Release|Any CPU
		{72A24C8E-4C9A-41E6-9D29-62E010BA8D5B}.Release|Any CPU.Build.0 = Release|Any CPU
	EndGlobalSection
	GlobalSection(SolutionProperties) = preSolution
		HideSolutionNode = FALSE
	EndGlobalSection
	GlobalSection(NestedProjects) = preSolution
		{DEAB6335-80DA-43EF-979F-8480CF78804F} = {8A7A7530-28B2-410F-AA3B-C6837BE4668C}
		{1F3BD0E4-600C-4214-96F2-F3732AB2614A} = {8A7A7530-28B2-410F-AA3B-C6837BE4668C}
		{4C7AE919-2ED5-45B3-9F3C-9674387BAA00} = {8A7A7530-28B2-410F-AA3B-C6837BE4668C}
		{467F75FC-DFB1-41D0-8092-3952EEC32598} = {8A7A7530-28B2-410F-AA3B-C6837BE4668C}
		{72A24C8E-4C9A-41E6-9D29-62E010BA8D5B} = {467F75FC-DFB1-41D0-8092-3952EEC32598}
	EndGlobalSection
	GlobalSection(ExtensibilityGlobals) = postSolution
		SolutionGuid = {4B6798AE-5958-4E52-81CC-71F06F4E768E}
	EndGlobalSection
EndGlobal
