
Microsoft Visual Studio Solution File, Format Version 12.00
# Visual Studio Version 17
VisualStudioVersion = 17.10.35027.167
MinimumVisualStudioVersion = 10.0.40219.1
Project("{2150E333-8FDC-42A3-9474-1A3956D46DE8}") = "src", "src", "{DA6CF344-93B4-4807-9C45-5E4836C0A00D}"
EndProject
Project("{2150E333-8FDC-42A3-9474-1A3956D46DE8}") = "test", "test", "{58AA068E-E3F9-4393-BE2A-DC8B54BA2F12}"
EndProject
Project("{2150E333-8FDC-42A3-9474-1A3956D46DE8}") = "UI", "UI", "{571C971A-AB64-4634-84E4-79206CD76ED2}"
EndProject
Project("{2150E333-8FDC-42A3-9474-1A3956D46DE8}") = "Core", "Core", "{28EFD568-90E7-41D5-A4BC-CD6D574E3EDA}"
EndProject
Project("{2150E333-8FDC-42A3-9474-1A3956D46DE8}") = "Infrastructure", "Infrastructure", "{605BF809-E6E7-4AEF-97C8-7EEDBAEE6720}"
EndProject
Project("{2150E333-8FDC-42A3-9474-1A3956D46DE8}") = "API", "API", "{C1B43D86-DFE8-40DD-83EA-568AF3BCE3F0}"
EndProject
Global
	GlobalSection(SolutionProperties) = preSolution
		HideSolutionNode = FALSE
	EndGlobalSection
	GlobalSection(NestedProjects) = preSolution
		{571C971A-AB64-4634-84E4-79206CD76ED2} = {DA6CF344-93B4-4807-9C45-5E4836C0A00D}
		{28EFD568-90E7-41D5-A4BC-CD6D574E3EDA} = {DA6CF344-93B4-4807-9C45-5E4836C0A00D}
		{605BF809-E6E7-4AEF-97C8-7EEDBAEE6720} = {DA6CF344-93B4-4807-9C45-5E4836C0A00D}
		{C1B43D86-DFE8-40DD-83EA-568AF3BCE3F0} = {DA6CF344-93B4-4807-9C45-5E4836C0A00D}
	EndGlobalSection
	GlobalSection(ExtensibilityGlobals) = postSolution
		SolutionGuid = {8B19DA91-68D5-4814-AF0C-56842996CC44}
	EndGlobalSection
EndGlobal
